
Microsoft Visual Studio Solution File, Format Version 12.00
# Visual Studio Version 17
VisualStudioVersion = 17.0.31903.59
MinimumVisualStudioVersion = 10.0.40219.1
Project("{2150E333-8FDC-42A3-9474-1A3956D46DE8}") = "src", "src", "{827E0CD3-B72D-47B6-A68D-7590B98EB39B}"
EndProject
Project("{2150E333-8FDC-42A3-9474-1A3956D46DE8}") = "Domain", "Domain", "{8B290487-4C16-E85E-E807-F579CBE9FC4D}"
EndProject
Project("{FAE04EC0-301F-11D3-BF4B-00C04F79EFBC}") = "ProductManagement.Domain", "src\Domain\ProductManagement.Domain.csproj", "{DE5E5062-626C-47C9-BEB8-36292BF37D30}"
EndProject
Project("{FAE04EC0-301F-11D3-BF4B-00C04F79EFBC}") = "ProductManagement.Application", "src\Application\ProductManagement.Application.csproj", "{BEA4D5FC-D7AB-4A1F-939D-D605F93A7EA6}"
EndProject
Project("{FAE04EC0-301F-11D3-BF4B-00C04F79EFBC}") = "ProductManagement.Infrastructure", "src\Infrastructure\ProductManagement.Infrastructure.csproj", "{C5D64E68-76F8-4EF9-9793-F9DE3F3D1E04}"
EndProject
Project("{FAE04EC0-301F-11D3-BF4B-00C04F79EFBC}") = "Productmanagement.API", "src\API\Productmanagement.API.csproj", "{B8AB868A-2318-41F2-9AD0-0854712C5E5E}"
EndProject
Project("{FAE04EC0-301F-11D3-BF4B-00C04F79EFBC}") = "ProductManagement.Application.Tests", "tests\Application.Tests\ProductManagement.Application.Tests.csproj", "{A5DCF2E0-A5A1-446C-8C33-9B6923C2689B}"
EndProject
Project("{FAE04EC0-301F-11D3-BF4B-00C04F79EFBC}") = "API.Tests", "tests\API.Tests\API.Tests.csproj", "{3A5A5531-8DEA-49EE-A072-8300EEF62CBB}"
EndProject
Project("{FAE04EC0-301F-11D3-BF4B-00C04F79EFBC}") = "Infrastructure.Tests", "tests\Infrastructure.Tests\Infrastructure.Tests.csproj", "{D32290D3-E890-46CE-A454-511436CBAE96}"
EndProject
Global
	GlobalSection(SolutionConfigurationPlatforms) = preSolution
		Debug|Any CPU = Debug|Any CPU
		Debug|x64 = Debug|x64
		Debug|x86 = Debug|x86
		Release|Any CPU = Release|Any CPU
		Release|x64 = Release|x64
		Release|x86 = Release|x86
	EndGlobalSection
	GlobalSection(ProjectConfigurationPlatforms) = postSolution
		{DE5E5062-626C-47C9-BEB8-36292BF37D30}.Debug|Any CPU.ActiveCfg = Debug|Any CPU
		{DE5E5062-626C-47C9-BEB8-36292BF37D30}.Debug|Any CPU.Build.0 = Debug|Any CPU
		{DE5E5062-626C-47C9-BEB8-36292BF37D30}.Debug|x64.ActiveCfg = Debug|Any CPU
		{DE5E5062-626C-47C9-BEB8-36292BF37D30}.Debug|x64.Build.0 = Debug|Any CPU
		{DE5E5062-626C-47C9-BEB8-36292BF37D30}.Debug|x86.ActiveCfg = Debug|Any CPU
		{DE5E5062-626C-47C9-BEB8-36292BF37D30}.Debug|x86.Build.0 = Debug|Any CPU
		{DE5E5062-626C-47C9-BEB8-36292BF37D30}.Release|Any CPU.ActiveCfg = Release|Any CPU
		{DE5E5062-626C-47C9-BEB8-36292BF37D30}.Release|Any CPU.Build.0 = Release|Any CPU
		{DE5E5062-626C-47C9-BEB8-36292BF37D30}.Release|x64.ActiveCfg = Release|Any CPU
		{DE5E5062-626C-47C9-BEB8-36292BF37D30}.Release|x64.Build.0 = Release|Any CPU
		{DE5E5062-626C-47C9-BEB8-36292BF37D30}.Release|x86.ActiveCfg = Release|Any CPU
		{DE5E5062-626C-47C9-BEB8-36292BF37D30}.Release|x86.Build.0 = Release|Any CPU
		{BEA4D5FC-D7AB-4A1F-939D-D605F93A7EA6}.Debug|Any CPU.ActiveCfg = Debug|Any CPU
		{BEA4D5FC-D7AB-4A1F-939D-D605F93A7EA6}.Debug|Any CPU.Build.0 = Debug|Any CPU
		{BEA4D5FC-D7AB-4A1F-939D-D605F93A7EA6}.Debug|x64.ActiveCfg = Debug|Any CPU
		{BEA4D5FC-D7AB-4A1F-939D-D605F93A7EA6}.Debug|x64.Build.0 = Debug|Any CPU
		{BEA4D5FC-D7AB-4A1F-939D-D605F93A7EA6}.Debug|x86.ActiveCfg = Debug|Any CPU
		{BEA4D5FC-D7AB-4A1F-939D-D605F93A7EA6}.Debug|x86.Build.0 = Debug|Any CPU
		{BEA4D5FC-D7AB-4A1F-939D-D605F93A7EA6}.Release|Any CPU.ActiveCfg = Release|Any CPU
		{BEA4D5FC-D7AB-4A1F-939D-D605F93A7EA6}.Release|Any CPU.Build.0 = Release|Any CPU
		{BEA4D5FC-D7AB-4A1F-939D-D605F93A7EA6}.Release|x64.ActiveCfg = Release|Any CPU
		{BEA4D5FC-D7AB-4A1F-939D-D605F93A7EA6}.Release|x64.Build.0 = Release|Any CPU
		{BEA4D5FC-D7AB-4A1F-939D-D605F93A7EA6}.Release|x86.ActiveCfg = Release|Any CPU
		{BEA4D5FC-D7AB-4A1F-939D-D605F93A7EA6}.Release|x86.Build.0 = Release|Any CPU
		{C5D64E68-76F8-4EF9-9793-F9DE3F3D1E04}.Debug|Any CPU.ActiveCfg = Debug|Any CPU
		{C5D64E68-76F8-4EF9-9793-F9DE3F3D1E04}.Debug|Any CPU.Build.0 = Debug|Any CPU
		{C5D64E68-76F8-4EF9-9793-F9DE3F3D1E04}.Debug|x64.ActiveCfg = Debug|Any CPU
		{C5D64E68-76F8-4EF9-9793-F9DE3F3D1E04}.Debug|x64.Build.0 = Debug|Any CPU
		{C5D64E68-76F8-4EF9-9793-F9DE3F3D1E04}.Debug|x86.ActiveCfg = Debug|Any CPU
		{C5D64E68-76F8-4EF9-9793-F9DE3F3D1E04}.Debug|x86.Build.0 = Debug|Any CPU
		{C5D64E68-76F8-4EF9-9793-F9DE3F3D1E04}.Release|Any CPU.ActiveCfg = Release|Any CPU
		{C5D64E68-76F8-4EF9-9793-F9DE3F3D1E04}.Release|Any CPU.Build.0 = Release|Any CPU
		{C5D64E68-76F8-4EF9-9793-F9DE3F3D1E04}.Release|x64.ActiveCfg = Release|Any CPU
		{C5D64E68-76F8-4EF9-9793-F9DE3F3D1E04}.Release|x64.Build.0 = Release|Any CPU
		{C5D64E68-76F8-4EF9-9793-F9DE3F3D1E04}.Release|x86.ActiveCfg = Release|Any CPU
		{C5D64E68-76F8-4EF9-9793-F9DE3F3D1E04}.Release|x86.Build.0 = Release|Any CPU
		{B8AB868A-2318-41F2-9AD0-0854712C5E5E}.Debug|Any CPU.ActiveCfg = Debug|Any CPU
		{B8AB868A-2318-41F2-9AD0-0854712C5E5E}.Debug|Any CPU.Build.0 = Debug|Any CPU
		{B8AB868A-2318-41F2-9AD0-0854712C5E5E}.Debug|x64.ActiveCfg = Debug|Any CPU
		{B8AB868A-2318-41F2-9AD0-0854712C5E5E}.Debug|x64.Build.0 = Debug|Any CPU
		{B8AB868A-2318-41F2-9AD0-0854712C5E5E}.Debug|x86.ActiveCfg = Debug|Any CPU
		{B8AB868A-2318-41F2-9AD0-0854712C5E5E}.Debug|x86.Build.0 = Debug|Any CPU
		{B8AB868A-2318-41F2-9AD0-0854712C5E5E}.Release|Any CPU.ActiveCfg = Release|Any CPU
		{B8AB868A-2318-41F2-9AD0-0854712C5E5E}.Release|Any CPU.Build.0 = Release|Any CPU
		{B8AB868A-2318-41F2-9AD0-0854712C5E5E}.Release|x64.ActiveCfg = Release|Any CPU
		{B8AB868A-2318-41F2-9AD0-0854712C5E5E}.Release|x64.Build.0 = Release|Any CPU
		{B8AB868A-2318-41F2-9AD0-0854712C5E5E}.Release|x86.ActiveCfg = Release|Any CPU
		{B8AB868A-2318-41F2-9AD0-0854712C5E5E}.Release|x86.Build.0 = Release|Any CPU
		{A5DCF2E0-A5A1-446C-8C33-9B6923C2689B}.Debug|Any CPU.ActiveCfg = Debug|Any CPU
		{A5DCF2E0-A5A1-446C-8C33-9B6923C2689B}.Debug|Any CPU.Build.0 = Debug|Any CPU
		{A5DCF2E0-A5A1-446C-8C33-9B6923C2689B}.Debug|x64.ActiveCfg = Debug|Any CPU
		{A5DCF2E0-A5A1-446C-8C33-9B6923C2689B}.Debug|x64.Build.0 = Debug|Any CPU
		{A5DCF2E0-A5A1-446C-8C33-9B6923C2689B}.Debug|x86.ActiveCfg = Debug|Any CPU
		{A5DCF2E0-A5A1-446C-8C33-9B6923C2689B}.Debug|x86.Build.0 = Debug|Any CPU
		{A5DCF2E0-A5A1-446C-8C33-9B6923C2689B}.Release|Any CPU.ActiveCfg = Release|Any CPU
		{A5DCF2E0-A5A1-446C-8C33-9B6923C2689B}.Release|Any CPU.Build.0 = Release|Any CPU
		{A5DCF2E0-A5A1-446C-8C33-9B6923C2689B}.Release|x64.ActiveCfg = Release|Any CPU
		{A5DCF2E0-A5A1-446C-8C33-9B6923C2689B}.Release|x64.Build.0 = Release|Any CPU
		{A5DCF2E0-A5A1-446C-8C33-9B6923C2689B}.Release|x86.ActiveCfg = Release|Any CPU
		{A5DCF2E0-A5A1-446C-8C33-9B6923C2689B}.Release|x86.Build.0 = Release|Any CPU
		{3A5A5531-8DEA-49EE-A072-8300EEF62CBB}.Debug|Any CPU.ActiveCfg = Debug|Any CPU
		{3A5A5531-8DEA-49EE-A072-8300EEF62CBB}.Debug|Any CPU.Build.0 = Debug|Any CPU
		{3A5A5531-8DEA-49EE-A072-8300EEF62CBB}.Debug|x64.ActiveCfg = Debug|Any CPU
		{3A5A5531-8DEA-49EE-A072-8300EEF62CBB}.Debug|x64.Build.0 = Debug|Any CPU
		{3A5A5531-8DEA-49EE-A072-8300EEF62CBB}.Debug|x86.ActiveCfg = Debug|Any CPU
		{3A5A5531-8DEA-49EE-A072-8300EEF62CBB}.Debug|x86.Build.0 = Debug|Any CPU
		{3A5A5531-8DEA-49EE-A072-8300EEF62CBB}.Release|Any CPU.ActiveCfg = Release|Any CPU
		{3A5A5531-8DEA-49EE-A072-8300EEF62CBB}.Release|Any CPU.Build.0 = Release|Any CPU
		{3A5A5531-8DEA-49EE-A072-8300EEF62CBB}.Release|x64.ActiveCfg = Release|Any CPU
		{3A5A5531-8DEA-49EE-A072-8300EEF62CBB}.Release|x64.Build.0 = Release|Any CPU
		{3A5A5531-8DEA-49EE-A072-8300EEF62CBB}.Release|x86.ActiveCfg = Release|Any CPU
		{3A5A5531-8DEA-49EE-A072-8300EEF62CBB}.Release|x86.Build.0 = Release|Any CPU
		{D32290D3-E890-46CE-A454-511436CBAE96}.Debug|Any CPU.ActiveCfg = Debug|Any CPU
		{D32290D3-E890-46CE-A454-511436CBAE96}.Debug|Any CPU.Build.0 = Debug|Any CPU
		{D32290D3-E890-46CE-A454-511436CBAE96}.Debug|x64.ActiveCfg = Debug|Any CPU
		{D32290D3-E890-46CE-A454-511436CBAE96}.Debug|x64.Build.0 = Debug|Any CPU
		{D32290D3-E890-46CE-A454-511436CBAE96}.Debug|x86.ActiveCfg = Debug|Any CPU
		{D32290D3-E890-46CE-A454-511436CBAE96}.Debug|x86.Build.0 = Debug|Any CPU
		{D32290D3-E890-46CE-A454-511436CBAE96}.Release|Any CPU.ActiveCfg = Release|Any CPU
		{D32290D3-E890-46CE-A454-511436CBAE96}.Release|Any CPU.Build.0 = Release|Any CPU
		{D32290D3-E890-46CE-A454-511436CBAE96}.Release|x64.ActiveCfg = Release|Any CPU
		{D32290D3-E890-46CE-A454-511436CBAE96}.Release|x64.Build.0 = Release|Any CPU
		{D32290D3-E890-46CE-A454-511436CBAE96}.Release|x86.ActiveCfg = Release|Any CPU
		{D32290D3-E890-46CE-A454-511436CBAE96}.Release|x86.Build.0 = Release|Any CPU
	EndGlobalSection
	GlobalSection(SolutionProperties) = preSolution
		HideSolutionNode = FALSE
	EndGlobalSection
	GlobalSection(NestedProjects) = preSolution
		{8B290487-4C16-E85E-E807-F579CBE9FC4D} = {827E0CD3-B72D-47B6-A68D-7590B98EB39B}
		{DE5E5062-626C-47C9-BEB8-36292BF37D30} = {8B290487-4C16-E85E-E807-F579CBE9FC4D}
		{BEA4D5FC-D7AB-4A1F-939D-D605F93A7EA6} = {8B290487-4C16-E85E-E807-F579CBE9FC4D}
		{C5D64E68-76F8-4EF9-9793-F9DE3F3D1E04} = {8B290487-4C16-E85E-E807-F579CBE9FC4D}
		{B8AB868A-2318-41F2-9AD0-0854712C5E5E} = {8B290487-4C16-E85E-E807-F579CBE9FC4D}
		{A5DCF2E0-A5A1-446C-8C33-9B6923C2689B} = {8B290487-4C16-E85E-E807-F579CBE9FC4D}
		{3A5A5531-8DEA-49EE-A072-8300EEF62CBB} = {8B290487-4C16-E85E-E807-F579CBE9FC4D}
		{D32290D3-E890-46CE-A454-511436CBAE96} = {8B290487-4C16-E85E-E807-F579CBE9FC4D}
	EndGlobalSection
EndGlobal
